{
  "name": "html_scraper",
  "lockfileVersion": 3,
  "requires": true,
  "packages": {
    "": {
      "devDependencies": {
        "@types/html2json": "^1.0.4"
      }
    },
    "node_modules/@types/html2json": {
      "version": "1.0.4",
      "resolved": "https://registry.npmjs.org/@types/html2json/-/html2json-1.0.4.tgz",
      "integrity": "sha512-lsghOPqISs2oDEbhfqJYxWVWvvcPoBCL0zQuLZwXW4QuVQjacTdgczfhA+TNP+hQJ/YGGlBqBGwlp7jpbpoBdQ==",
      "dev": true
    }
  }
}
